
Microsoft Visual Studio Solution File, Format Version 12.00
Project("{FAE04EC0-301F-11D3-BF4B-00C04F79EFBC}") = "Toolkit.Website", "Toolkit.Website\Toolkit.Website.csproj", "{EA4B70D8-A158-4E24-8FF6-7227FFB7F1CD}"
EndProject
Global
	GlobalSection(SolutionConfigurationPlatforms) = preSolution
		Debug|Any CPU = Debug|Any CPU
		Release|Any CPU = Release|Any CPU
	EndGlobalSection
	GlobalSection(ProjectConfigurationPlatforms) = postSolution
		{EA4B70D8-A158-4E24-8FF6-7227FFB7F1CD}.Debug|Any CPU.ActiveCfg = Debug|Any CPU
		{EA4B70D8-A158-4E24-8FF6-7227FFB7F1CD}.Debug|Any CPU.Build.0 = Debug|Any CPU
		{EA4B70D8-A158-4E24-8FF6-7227FFB7F1CD}.Release|Any CPU.ActiveCfg = Release|Any CPU
		{EA4B70D8-A158-4E24-8FF6-7227FFB7F1CD}.Release|Any CPU.Build.0 = Release|Any CPU
	EndGlobalSection
EndGlobal
